version = 1
revision = 2
requires-python = ">=3.12"

[[package]]
name = "attrs"
version = "25.3.0"
source = { registry = "https://pypi.org/simple" }
sdist = { url = "https://files.pythonhosted.org/packages/5a/b0/1367933a8532ee6ff8d63537de4f1177af4bff9f3e829baf7331f595bb24/attrs-25.3.0.tar.gz", hash = "sha256:75d7cefc7fb576747b2c81b4442d4d4a1ce0900973527c011d1030fd3bf4af1b", size = 812032, upload_time = "2025-03-13T11:10:22.779Z" }
wheels = [
    { url = "https://files.pythonhosted.org/packages/77/06/bb80f5f86020c4551da315d78b3ab75e8228f89f0162f2c3a819e407941a/attrs-25.3.0-py3-none-any.whl", hash = "sha256:427318ce031701fea540783410126f03899a97ffc6f61596ad581ac2e40e3bc3", size = 63815, upload_time = "2025-03-13T11:10:21.14Z" },
]

[[package]]
name = "graphviz"
version = "0.21"
source = { registry = "https://pypi.org/simple" }
sdist = { url = "https://files.pythonhosted.org/packages/f8/b3/3ac91e9be6b761a4b30d66ff165e54439dcd48b83f4e20d644867215f6ca/graphviz-0.21.tar.gz", hash = "sha256:20743e7183be82aaaa8ad6c93f8893c923bd6658a04c32ee115edb3c8a835f78", size = 200434, upload_time = "2025-06-15T09:35:05.824Z" }
wheels = [
    { url = "https://files.pythonhosted.org/packages/91/4c/e0ce1ef95d4000ebc1c11801f9b944fa5910ecc15b5e351865763d8657f8/graphviz-0.21-py3-none-any.whl", hash = "sha256:54f33de9f4f911d7e84e4191749cac8cc5653f815b06738c54db9a15ab8b1e42", size = 47300, upload_time = "2025-06-15T09:35:04.433Z" },
]

[[package]]
name = "interegular"
version = "0.3.3"
source = { registry = "https://pypi.org/simple" }
sdist = { url = "https://files.pythonhosted.org/packages/dc/9d/8b6dde58a028a3962ce17e84d5fe73758df61378e00ef8ac3d85da34b0ff/interegular-0.3.3.tar.gz", hash = "sha256:d9b697b21b34884711399ba0f0376914b81899ce670032486d0d048344a76600", size = 24705, upload_time = "2024-01-06T23:01:22.372Z" }
wheels = [
    { url = "https://files.pythonhosted.org/packages/c4/01/72d6472f80651673716d1deda2a5bbb633e563ecf94f4479da5519d69d25/interegular-0.3.3-py37-none-any.whl", hash = "sha256:b0c07007d48c89d6d19f7204972d369b2a77222722e126b6aa63aa721dc3b19c", size = 23635, upload_time = "2024-01-06T23:01:20.829Z" },
]

[[package]]
name = "jsonschema"
version = "4.25.0"
source = { registry = "https://pypi.org/simple" }
dependencies = [
    { name = "attrs" },
    { name = "jsonschema-specifications" },
    { name = "referencing" },
    { name = "rpds-py" },
]
sdist = { url = "https://files.pythonhosted.org/packages/d5/00/a297a868e9d0784450faa7365c2172a7d6110c763e30ba861867c32ae6a9/jsonschema-4.25.0.tar.gz", hash = "sha256:e63acf5c11762c0e6672ffb61482bdf57f0876684d8d249c0fe2d730d48bc55f", size = 356830, upload_time = "2025-07-18T15:39:45.11Z" }
wheels = [
    { url = "https://files.pythonhosted.org/packages/fe/54/c86cd8e011fe98803d7e382fd67c0df5ceab8d2b7ad8c5a81524f791551c/jsonschema-4.25.0-py3-none-any.whl", hash = "sha256:24c2e8da302de79c8b9382fee3e76b355e44d2a4364bb207159ce10b517bd716", size = 89184, upload_time = "2025-07-18T15:39:42.956Z" },
]

[[package]]
name = "jsonschema-specifications"
version = "2025.4.1"
source = { registry = "https://pypi.org/simple" }
dependencies = [
    { name = "referencing" },
]
sdist = { url = "https://files.pythonhosted.org/packages/bf/ce/46fbd9c8119cfc3581ee5643ea49464d168028cfb5caff5fc0596d0cf914/jsonschema_specifications-2025.4.1.tar.gz", hash = "sha256:630159c9f4dbea161a6a2205c3011cc4f18ff381b189fff48bb39b9bf26ae608", size = 15513, upload_time = "2025-04-23T12:34:07.418Z" }
wheels = [
    { url = "https://files.pythonhosted.org/packages/01/0e/b27cdbaccf30b890c40ed1da9fd4a3593a5cf94dae54fb34f8a4b74fcd3f/jsonschema_specifications-2025.4.1-py3-none-any.whl", hash = "sha256:4653bffbd6584f7de83a67e0d620ef16900b390ddc7939d56684d6c81e33f1af", size = 18437, upload_time = "2025-04-23T12:34:05.422Z" },
]

[[package]]
name = "litelines"
version = "0.1.0"
source = { virtual = "." }
dependencies = [
    { name = "graphviz" },
    { name = "outlines-core" },
    { name = "xxhash" },
]

[package.metadata]
requires-dist = [
    { name = "graphviz", specifier = "==0.21" },
    { name = "outlines-core", specifier = "==0.1.14" },
    { name = "xxhash", specifier = "==3.5.0" },
]

[[package]]
name = "outlines-core"
version = "0.1.14"
source = { registry = "https://pypi.org/simple" }
dependencies = [
    { name = "interegular" },
    { name = "jsonschema" },
]
sdist = { url = "https://files.pythonhosted.org/packages/d9/db/000a542c23acec1dafdba4460b17758c72033976069b004b1ba23af722f2/outlines_core-0.1.14.tar.gz", hash = "sha256:6db033e4f8e48381164e36cc716746640ad5022f0d86e4c88af15c75886b93a4", size = 59520, upload_time = "2024-10-10T18:21:05.244Z" }

[[package]]
name = "referencing"
version = "0.36.2"
source = { registry = "https://pypi.org/simple" }
dependencies = [
    { name = "attrs" },
    { name = "rpds-py" },
    { name = "typing-extensions", marker = "python_full_version < '3.13'" },
]
sdist = { url = "https://files.pythonhosted.org/packages/2f/db/98b5c277be99dd18bfd91dd04e1b759cad18d1a338188c936e92f921c7e2/referencing-0.36.2.tar.gz", hash = "sha256:df2e89862cd09deabbdba16944cc3f10feb6b3e6f18e902f7cc25609a34775aa", size = 74744, upload_time = "2025-01-25T08:48:16.138Z" }
wheels = [
    { url = "https://files.pythonhosted.org/packages/c1/b1/3baf80dc6d2b7bc27a95a67752d0208e410351e3feb4eb78de5f77454d8d/referencing-0.36.2-py3-none-any.whl", hash = "sha256:e8699adbbf8b5c7de96d8ffa0eb5c158b3beafce084968e2ea8bb08c6794dcd0", size = 26775, upload_time = "2025-01-25T08:48:14.241Z" },
]

[[package]]
name = "rpds-py"
version = "0.26.0"
source = { registry = "https://pypi.org/simple" }
sdist = { url = "https://files.pythonhosted.org/packages/a5/aa/4456d84bbb54adc6a916fb10c9b374f78ac840337644e4a5eda229c81275/rpds_py-0.26.0.tar.gz", hash = "sha256:20dae58a859b0906f0685642e591056f1e787f3a8b39c8e8749a45dc7d26bdb0", size = 27385, upload_time = "2025-07-01T15:57:13.958Z" }
wheels = [
    { url = "https://files.pythonhosted.org/packages/ea/86/90eb87c6f87085868bd077c7a9938006eb1ce19ed4d06944a90d3560fce2/rpds_py-0.26.0-cp312-cp312-macosx_10_12_x86_64.whl", hash = "sha256:894514d47e012e794f1350f076c427d2347ebf82f9b958d554d12819849a369d", size = 363933, upload_time = "2025-07-01T15:54:15.734Z" },
    { url = "https://files.pythonhosted.org/packages/63/78/4469f24d34636242c924626082b9586f064ada0b5dbb1e9d096ee7a8e0c6/rpds_py-0.26.0-cp312-cp312-macosx_11_0_arm64.whl", hash = "sha256:fc921b96fa95a097add244da36a1d9e4f3039160d1d30f1b35837bf108c21136", size = 350447, upload_time = "2025-07-01T15:54:16.922Z" },
    { url = "https://files.pythonhosted.org/packages/ad/91/c448ed45efdfdade82348d5e7995e15612754826ea640afc20915119734f/rpds_py-0.26.0-cp312-cp312-manylinux_2_17_aarch64.manylinux2014_aarch64.whl", hash = "sha256:3e1157659470aa42a75448b6e943c895be8c70531c43cb78b9ba990778955582", size = 384711, upload_time = "2025-07-01T15:54:18.101Z" },
    { url = "https://files.pythonhosted.org/packages/ec/43/e5c86fef4be7f49828bdd4ecc8931f0287b1152c0bb0163049b3218740e7/rpds_py-0.26.0-cp312-cp312-manylinux_2_17_armv7l.manylinux2014_armv7l.whl", hash = "sha256:521ccf56f45bb3a791182dc6b88ae5f8fa079dd705ee42138c76deb1238e554e", size = 400865, upload_time = "2025-07-01T15:54:19.295Z" },
    { url = "https://files.pythonhosted.org/packages/55/34/e00f726a4d44f22d5c5fe2e5ddd3ac3d7fd3f74a175607781fbdd06fe375/rpds_py-0.26.0-cp312-cp312-manylinux_2_17_ppc64le.manylinux2014_ppc64le.whl", hash = "sha256:9def736773fd56b305c0eef698be5192c77bfa30d55a0e5885f80126c4831a15", size = 517763, upload_time = "2025-07-01T15:54:20.858Z" },
    { url = "https://files.pythonhosted.org/packages/52/1c/52dc20c31b147af724b16104500fba13e60123ea0334beba7b40e33354b4/rpds_py-0.26.0-cp312-cp312-manylinux_2_17_s390x.manylinux2014_s390x.whl", hash = "sha256:cdad4ea3b4513b475e027be79e5a0ceac8ee1c113a1a11e5edc3c30c29f964d8", size = 406651, upload_time = "2025-07-01T15:54:22.508Z" },
    { url = "https://files.pythonhosted.org/packages/2e/77/87d7bfabfc4e821caa35481a2ff6ae0b73e6a391bb6b343db2c91c2b9844/rpds_py-0.26.0-cp312-cp312-manylinux_2_17_x86_64.manylinux2014_x86_64.whl", hash = "sha256:82b165b07f416bdccf5c84546a484cc8f15137ca38325403864bfdf2b5b72f6a", size = 386079, upload_time = "2025-07-01T15:54:23.987Z" },
    { url = "https://files.pythonhosted.org/packages/e3/d4/7f2200c2d3ee145b65b3cddc4310d51f7da6a26634f3ac87125fd789152a/rpds_py-0.26.0-cp312-cp312-manylinux_2_5_i686.manylinux1_i686.whl", hash = "sha256:d04cab0a54b9dba4d278fe955a1390da3cf71f57feb78ddc7cb67cbe0bd30323", size = 421379, upload_time = "2025-07-01T15:54:25.073Z" },
    { url = "https://files.pythonhosted.org/packages/ae/13/9fdd428b9c820869924ab62236b8688b122baa22d23efdd1c566938a39ba/rpds_py-0.26.0-cp312-cp312-musllinux_1_2_aarch64.whl", hash = "sha256:79061ba1a11b6a12743a2b0f72a46aa2758613d454aa6ba4f5a265cc48850158", size = 562033, upload_time = "2025-07-01T15:54:26.225Z" },
    { url = "https://files.pythonhosted.org/packages/f3/e1/b69686c3bcbe775abac3a4c1c30a164a2076d28df7926041f6c0eb5e8d28/rpds_py-0.26.0-cp312-cp312-musllinux_1_2_i686.whl", hash = "sha256:f405c93675d8d4c5ac87364bb38d06c988e11028a64b52a47158a355079661f3", size = 591639, upload_time = "2025-07-01T15:54:27.424Z" },
    { url = "https://files.pythonhosted.org/packages/5c/c9/1e3d8c8863c84a90197ac577bbc3d796a92502124c27092413426f670990/rpds_py-0.26.0-cp312-cp312-musllinux_1_2_x86_64.whl", hash = "sha256:dafd4c44b74aa4bed4b250f1aed165b8ef5de743bcca3b88fc9619b6087093d2", size = 557105, upload_time = "2025-07-01T15:54:29.93Z" },
    { url = "https://files.pythonhosted.org/packages/9f/c5/90c569649057622959f6dcc40f7b516539608a414dfd54b8d77e3b201ac0/rpds_py-0.26.0-cp312-cp312-win32.whl", hash = "sha256:3da5852aad63fa0c6f836f3359647870e21ea96cf433eb393ffa45263a170d44", size = 223272, upload_time = "2025-07-01T15:54:31.128Z" },
    { url = "https://files.pythonhosted.org/packages/7d/16/19f5d9f2a556cfed454eebe4d354c38d51c20f3db69e7b4ce6cff904905d/rpds_py-0.26.0-cp312-cp312-win_amd64.whl", hash = "sha256:cf47cfdabc2194a669dcf7a8dbba62e37a04c5041d2125fae0233b720da6f05c", size = 234995, upload_time = "2025-07-01T15:54:32.195Z" },
    { url = "https://files.pythonhosted.org/packages/83/f0/7935e40b529c0e752dfaa7880224771b51175fce08b41ab4a92eb2fbdc7f/rpds_py-0.26.0-cp312-cp312-win_arm64.whl", hash = "sha256:20ab1ae4fa534f73647aad289003f1104092890849e0266271351922ed5574f8", size = 223198, upload_time = "2025-07-01T15:54:33.271Z" },
    { url = "https://files.pythonhosted.org/packages/6a/67/bb62d0109493b12b1c6ab00de7a5566aa84c0e44217c2d94bee1bd370da9/rpds_py-0.26.0-cp313-cp313-macosx_10_12_x86_64.whl", hash = "sha256:696764a5be111b036256c0b18cd29783fab22154690fc698062fc1b0084b511d", size = 363917, upload_time = "2025-07-01T15:54:34.755Z" },
    { url = "https://files.pythonhosted.org/packages/4b/f3/34e6ae1925a5706c0f002a8d2d7f172373b855768149796af87bd65dcdb9/rpds_py-0.26.0-cp313-cp313-macosx_11_0_arm64.whl", hash = "sha256:1e6c15d2080a63aaed876e228efe4f814bc7889c63b1e112ad46fdc8b368b9e1", size = 350073, upload_time = "2025-07-01T15:54:36.292Z" },
    { url = "https://files.pythonhosted.org/packages/75/83/1953a9d4f4e4de7fd0533733e041c28135f3c21485faaef56a8aadbd96b5/rpds_py-0.26.0-cp313-cp313-manylinux_2_17_aarch64.manylinux2014_aarch64.whl", hash = "sha256:390e3170babf42462739a93321e657444f0862c6d722a291accc46f9d21ed04e", size = 384214, upload_time = "2025-07-01T15:54:37.469Z" },
    { url = "https://files.pythonhosted.org/packages/48/0e/983ed1b792b3322ea1d065e67f4b230f3b96025f5ce3878cc40af09b7533/rpds_py-0.26.0-cp313-cp313-manylinux_2_17_armv7l.manylinux2014_armv7l.whl", hash = "sha256:7da84c2c74c0f5bc97d853d9e17bb83e2dcafcff0dc48286916001cc114379a1", size = 400113, upload_time = "2025-07-01T15:54:38.954Z" },
    { url = "https://files.pythonhosted.org/packages/69/7f/36c0925fff6f660a80be259c5b4f5e53a16851f946eb080351d057698528/rpds_py-0.26.0-cp313-cp313-manylinux_2_17_ppc64le.manylinux2014_ppc64le.whl", hash = "sha256:4c5fe114a6dd480a510b6d3661d09d67d1622c4bf20660a474507aaee7eeeee9", size = 515189, upload_time = "2025-07-01T15:54:40.57Z" },
    { url = "https://files.pythonhosted.org/packages/13/45/cbf07fc03ba7a9b54662c9badb58294ecfb24f828b9732970bd1a431ed5c/rpds_py-0.26.0-cp313-cp313-manylinux_2_17_s390x.manylinux2014_s390x.whl", hash = "sha256:3100b3090269f3a7ea727b06a6080d4eb7439dca4c0e91a07c5d133bb1727ea7", size = 406998, upload_time = "2025-07-01T15:54:43.025Z" },
    { url = "https://files.pythonhosted.org/packages/6c/b0/8fa5e36e58657997873fd6a1cf621285ca822ca75b4b3434ead047daa307/rpds_py-0.26.0-cp313-cp313-manylinux_2_17_x86_64.manylinux2014_x86_64.whl", hash = "sha256:2c03c9b0c64afd0320ae57de4c982801271c0c211aa2d37f3003ff5feb75bb04", size = 385903, upload_time = "2025-07-01T15:54:44.752Z" },
    { url = "https://files.pythonhosted.org/packages/4b/f7/b25437772f9f57d7a9fbd73ed86d0dcd76b4c7c6998348c070d90f23e315/rpds_py-0.26.0-cp313-cp313-manylinux_2_5_i686.manylinux1_i686.whl", hash = "sha256:5963b72ccd199ade6ee493723d18a3f21ba7d5b957017607f815788cef50eaf1", size = 419785, upload_time = "2025-07-01T15:54:46.043Z" },
    { url = "https://files.pythonhosted.org/packages/a7/6b/63ffa55743dfcb4baf2e9e77a0b11f7f97ed96a54558fcb5717a4b2cd732/rpds_py-0.26.0-cp313-cp313-musllinux_1_2_aarch64.whl", hash = "sha256:9da4e873860ad5bab3291438525cae80169daecbfafe5657f7f5fb4d6b3f96b9", size = 561329, upload_time = "2025-07-01T15:54:47.64Z" },
    { url = "https://files.pythonhosted.org/packages/2f/07/1f4f5e2886c480a2346b1e6759c00278b8a69e697ae952d82ae2e6ee5db0/rpds_py-0.26.0-cp313-cp313-musllinux_1_2_i686.whl", hash = "sha256:5afaddaa8e8c7f1f7b4c5c725c0070b6eed0228f705b90a1732a48e84350f4e9", size = 590875, upload_time = "2025-07-01T15:54:48.9Z" },
    { url = "https://files.pythonhosted.org/packages/cc/bc/e6639f1b91c3a55f8c41b47d73e6307051b6e246254a827ede730624c0f8/rpds_py-0.26.0-cp313-cp313-musllinux_1_2_x86_64.whl", hash = "sha256:4916dc96489616a6f9667e7526af8fa693c0fdb4f3acb0e5d9f4400eb06a47ba", size = 556636, upload_time = "2025-07-01T15:54:50.619Z" },
    { url = "https://files.pythonhosted.org/packages/05/4c/b3917c45566f9f9a209d38d9b54a1833f2bb1032a3e04c66f75726f28876/rpds_py-0.26.0-cp313-cp313-win32.whl", hash = "sha256:2a343f91b17097c546b93f7999976fd6c9d5900617aa848c81d794e062ab302b", size = 222663, upload_time = "2025-07-01T15:54:52.023Z" },
    { url = "https://files.pythonhosted.org/packages/e0/0b/0851bdd6025775aaa2365bb8de0697ee2558184c800bfef8d7aef5ccde58/rpds_py-0.26.0-cp313-cp313-win_amd64.whl", hash = "sha256:0a0b60701f2300c81b2ac88a5fb893ccfa408e1c4a555a77f908a2596eb875a5", size = 234428, upload_time = "2025-07-01T15:54:53.692Z" },
    { url = "https://files.pythonhosted.org/packages/ed/e8/a47c64ed53149c75fb581e14a237b7b7cd18217e969c30d474d335105622/rpds_py-0.26.0-cp313-cp313-win_arm64.whl", hash = "sha256:257d011919f133a4746958257f2c75238e3ff54255acd5e3e11f3ff41fd14256", size = 222571, upload_time = "2025-07-01T15:54:54.822Z" },
    { url = "https://files.pythonhosted.org/packages/89/bf/3d970ba2e2bcd17d2912cb42874107390f72873e38e79267224110de5e61/rpds_py-0.26.0-cp313-cp313t-macosx_10_12_x86_64.whl", hash = "sha256:529c8156d7506fba5740e05da8795688f87119cce330c244519cf706a4a3d618", size = 360475, upload_time = "2025-07-01T15:54:56.228Z" },
    { url = "https://files.pythonhosted.org/packages/82/9f/283e7e2979fc4ec2d8ecee506d5a3675fce5ed9b4b7cb387ea5d37c2f18d/rpds_py-0.26.0-cp313-cp313t-macosx_11_0_arm64.whl", hash = "sha256:f53ec51f9d24e9638a40cabb95078ade8c99251945dad8d57bf4aabe86ecee35", size = 346692, upload_time = "2025-07-01T15:54:58.561Z" },
    { url = "https://files.pythonhosted.org/packages/e3/03/7e50423c04d78daf391da3cc4330bdb97042fc192a58b186f2d5deb7befd/rpds_py-0.26.0-cp313-cp313t-manylinux_2_17_aarch64.manylinux2014_aarch64.whl", hash = "sha256:7ab504c4d654e4a29558eaa5bb8cea5fdc1703ea60a8099ffd9c758472cf913f", size = 379415, upload_time = "2025-07-01T15:54:59.751Z" },
    { url = "https://files.pythonhosted.org/packages/57/00/d11ee60d4d3b16808432417951c63df803afb0e0fc672b5e8d07e9edaaae/rpds_py-0.26.0-cp313-cp313t-manylinux_2_17_armv7l.manylinux2014_armv7l.whl", hash = "sha256:fd0641abca296bc1a00183fe44f7fced8807ed49d501f188faa642d0e4975b83", size = 391783, upload_time = "2025-07-01T15:55:00.898Z" },
    { url = "https://files.pythonhosted.org/packages/08/b3/1069c394d9c0d6d23c5b522e1f6546b65793a22950f6e0210adcc6f97c3e/rpds_py-0.26.0-cp313-cp313t-manylinux_2_17_ppc64le.manylinux2014_ppc64le.whl", hash = "sha256:69b312fecc1d017b5327afa81d4da1480f51c68810963a7336d92203dbb3d4f1", size = 512844, upload_time = "2025-07-01T15:55:02.201Z" },
    { url = "https://files.pythonhosted.org/packages/08/3b/c4fbf0926800ed70b2c245ceca99c49f066456755f5d6eb8863c2c51e6d0/rpds_py-0.26.0-cp313-cp313t-manylinux_2_17_s390x.manylinux2014_s390x.whl", hash = "sha256:c741107203954f6fc34d3066d213d0a0c40f7bb5aafd698fb39888af277c70d8", size = 402105, upload_time = "2025-07-01T15:55:03.698Z" },
    { url = "https://files.pythonhosted.org/packages/1c/b0/db69b52ca07413e568dae9dc674627a22297abb144c4d6022c6d78f1e5cc/rpds_py-0.26.0-cp313-cp313t-manylinux_2_17_x86_64.manylinux2014_x86_64.whl", hash = "sha256:fc3e55a7db08dc9a6ed5fb7103019d2c1a38a349ac41901f9f66d7f95750942f", size = 383440, upload_time = "2025-07-01T15:55:05.398Z" },
    { url = "https://files.pythonhosted.org/packages/4c/e1/c65255ad5b63903e56b3bb3ff9dcc3f4f5c3badde5d08c741ee03903e951/rpds_py-0.26.0-cp313-cp313t-manylinux_2_5_i686.manylinux1_i686.whl", hash = "sha256:9e851920caab2dbcae311fd28f4313c6953993893eb5c1bb367ec69d9a39e7ed", size = 412759, upload_time = "2025-07-01T15:55:08.316Z" },
    { url = "https://files.pythonhosted.org/packages/e4/22/bb731077872377a93c6e93b8a9487d0406c70208985831034ccdeed39c8e/rpds_py-0.26.0-cp313-cp313t-musllinux_1_2_aarch64.whl", hash = "sha256:dfbf280da5f876d0b00c81f26bedce274e72a678c28845453885a9b3c22ae632", size = 556032, upload_time = "2025-07-01T15:55:09.52Z" },
    { url = "https://files.pythonhosted.org/packages/e0/8b/393322ce7bac5c4530fb96fc79cc9ea2f83e968ff5f6e873f905c493e1c4/rpds_py-0.26.0-cp313-cp313t-musllinux_1_2_i686.whl", hash = "sha256:1cc81d14ddfa53d7f3906694d35d54d9d3f850ef8e4e99ee68bc0d1e5fed9a9c", size = 585416, upload_time = "2025-07-01T15:55:11.216Z" },
    { url = "https://files.pythonhosted.org/packages/49/ae/769dc372211835bf759319a7aae70525c6eb523e3371842c65b7ef41c9c6/rpds_py-0.26.0-cp313-cp313t-musllinux_1_2_x86_64.whl", hash = "sha256:dca83c498b4650a91efcf7b88d669b170256bf8017a5db6f3e06c2bf031f57e0", size = 554049, upload_time = "2025-07-01T15:55:13.004Z" },
    { url = "https://files.pythonhosted.org/packages/6b/f9/4c43f9cc203d6ba44ce3146246cdc38619d92c7bd7bad4946a3491bd5b70/rpds_py-0.26.0-cp313-cp313t-win32.whl", hash = "sha256:4d11382bcaf12f80b51d790dee295c56a159633a8e81e6323b16e55d81ae37e9", size = 218428, upload_time = "2025-07-01T15:55:14.486Z" },
    { url = "https://files.pythonhosted.org/packages/7e/8b/9286b7e822036a4a977f2f1e851c7345c20528dbd56b687bb67ed68a8ede/rpds_py-0.26.0-cp313-cp313t-win_amd64.whl", hash = "sha256:ff110acded3c22c033e637dd8896e411c7d3a11289b2edf041f86663dbc791e9", size = 231524, upload_time = "2025-07-01T15:55:15.745Z" },
    { url = "https://files.pythonhosted.org/packages/55/07/029b7c45db910c74e182de626dfdae0ad489a949d84a468465cd0ca36355/rpds_py-0.26.0-cp314-cp314-macosx_10_12_x86_64.whl", hash = "sha256:da619979df60a940cd434084355c514c25cf8eb4cf9a508510682f6c851a4f7a", size = 364292, upload_time = "2025-07-01T15:55:17.001Z" },
    { url = "https://files.pythonhosted.org/packages/13/d1/9b3d3f986216b4d1f584878dca15ce4797aaf5d372d738974ba737bf68d6/rpds_py-0.26.0-cp314-cp314-macosx_11_0_arm64.whl", hash = "sha256:ea89a2458a1a75f87caabefe789c87539ea4e43b40f18cff526052e35bbb4fdf", size = 350334, upload_time = "2025-07-01T15:55:18.922Z" },
    { url = "https://files.pythonhosted.org/packages/18/98/16d5e7bc9ec715fa9668731d0cf97f6b032724e61696e2db3d47aeb89214/rpds_py-0.26.0-cp314-cp314-manylinux_2_17_aarch64.manylinux2014_aarch64.whl", hash = "sha256:feac1045b3327a45944e7dcbeb57530339f6b17baff154df51ef8b0da34c8c12", size = 384875, upload_time = "2025-07-01T15:55:20.399Z" },
    { url = "https://files.pythonhosted.org/packages/f9/13/aa5e2b1ec5ab0e86a5c464d53514c0467bec6ba2507027d35fc81818358e/rpds_py-0.26.0-cp314-cp314-manylinux_2_17_armv7l.manylinux2014_armv7l.whl", hash = "sha256:b818a592bd69bfe437ee8368603d4a2d928c34cffcdf77c2e761a759ffd17d20", size = 399993, upload_time = "2025-07-01T15:55:21.729Z" },
    { url = "https://files.pythonhosted.org/packages/17/03/8021810b0e97923abdbab6474c8b77c69bcb4b2c58330777df9ff69dc559/rpds_py-0.26.0-cp314-cp314-manylinux_2_17_ppc64le.manylinux2014_ppc64le.whl", hash = "sha256:1a8b0dd8648709b62d9372fc00a57466f5fdeefed666afe3fea5a6c9539a0331", size = 516683, upload_time = "2025-07-01T15:55:22.918Z" },
    { url = "https://files.pythonhosted.org/packages/dc/b1/da8e61c87c2f3d836954239fdbbfb477bb7b54d74974d8f6fcb34342d166/rpds_py-0.26.0-cp314-cp314-manylinux_2_17_s390x.manylinux2014_s390x.whl", hash = "sha256:6d3498ad0df07d81112aa6ec6c95a7e7b1ae00929fb73e7ebee0f3faaeabad2f", size = 408825, upload_time = "2025-07-01T15:55:24.207Z" },
    { url = "https://files.pythonhosted.org/packages/38/bc/1fc173edaaa0e52c94b02a655db20697cb5fa954ad5a8e15a2c784c5cbdd/rpds_py-0.26.0-cp314-cp314-manylinux_2_17_x86_64.manylinux2014_x86_64.whl", hash = "sha256:24a4146ccb15be237fdef10f331c568e1b0e505f8c8c9ed5d67759dac58ac246", size = 387292, upload_time = "2025-07-01T15:55:25.554Z" },
    { url = "https://files.pythonhosted.org/packages/7c/eb/3a9bb4bd90867d21916f253caf4f0d0be7098671b6715ad1cead9fe7bab9/rpds_py-0.26.0-cp314-cp314-manylinux_2_5_i686.manylinux1_i686.whl", hash = "sha256:a9a63785467b2d73635957d32a4f6e73d5e4df497a16a6392fa066b753e87387", size = 420435, upload_time = "2025-07-01T15:55:27.798Z" },
    { url = "https://files.pythonhosted.org/packages/cd/16/e066dcdb56f5632713445271a3f8d3d0b426d51ae9c0cca387799df58b02/rpds_py-0.26.0-cp314-cp314-musllinux_1_2_aarch64.whl", hash = "sha256:de4ed93a8c91debfd5a047be327b7cc8b0cc6afe32a716bbbc4aedca9e2a83af", size = 562410, upload_time = "2025-07-01T15:55:29.057Z" },
    { url = "https://files.pythonhosted.org/packages/60/22/ddbdec7eb82a0dc2e455be44c97c71c232983e21349836ce9f272e8a3c29/rpds_py-0.26.0-cp314-cp314-musllinux_1_2_i686.whl", hash = "sha256:caf51943715b12af827696ec395bfa68f090a4c1a1d2509eb4e2cb69abbbdb33", size = 590724, upload_time = "2025-07-01T15:55:30.719Z" },
    { url = "https://files.pythonhosted.org/packages/2c/b4/95744085e65b7187d83f2fcb0bef70716a1ea0a9e5d8f7f39a86e5d83424/rpds_py-0.26.0-cp314-cp314-musllinux_1_2_x86_64.whl", hash = "sha256:4a59e5bc386de021f56337f757301b337d7ab58baa40174fb150accd480bc953", size = 558285, upload_time = "2025-07-01T15:55:31.981Z" },
    { url = "https://files.pythonhosted.org/packages/37/37/6309a75e464d1da2559446f9c811aa4d16343cebe3dbb73701e63f760caa/rpds_py-0.26.0-cp314-cp314-win32.whl", hash = "sha256:92c8db839367ef16a662478f0a2fe13e15f2227da3c1430a782ad0f6ee009ec9", size = 223459, upload_time = "2025-07-01T15:55:33.312Z" },
    { url = "https://files.pythonhosted.org/packages/d9/6f/8e9c11214c46098b1d1391b7e02b70bb689ab963db3b19540cba17315291/rpds_py-0.26.0-cp314-cp314-win_amd64.whl", hash = "sha256:b0afb8cdd034150d4d9f53926226ed27ad15b7f465e93d7468caaf5eafae0d37", size = 236083, upload_time = "2025-07-01T15:55:34.933Z" },
    { url = "https://files.pythonhosted.org/packages/47/af/9c4638994dd623d51c39892edd9d08e8be8220a4b7e874fa02c2d6e91955/rpds_py-0.26.0-cp314-cp314-win_arm64.whl", hash = "sha256:ca3f059f4ba485d90c8dc75cb5ca897e15325e4e609812ce57f896607c1c0867", size = 223291, upload_time = "2025-07-01T15:55:36.202Z" },
    { url = "https://files.pythonhosted.org/packages/4d/db/669a241144460474aab03e254326b32c42def83eb23458a10d163cb9b5ce/rpds_py-0.26.0-cp314-cp314t-macosx_10_12_x86_64.whl", hash = "sha256:5afea17ab3a126006dc2f293b14ffc7ef3c85336cf451564a0515ed7648033da", size = 361445, upload_time = "2025-07-01T15:55:37.483Z" },
    { url = "https://files.pythonhosted.org/packages/3b/2d/133f61cc5807c6c2fd086a46df0eb8f63a23f5df8306ff9f6d0fd168fecc/rpds_py-0.26.0-cp314-cp314t-macosx_11_0_arm64.whl", hash = "sha256:69f0c0a3df7fd3a7eec50a00396104bb9a843ea6d45fcc31c2d5243446ffd7a7", size = 347206, upload_time = "2025-07-01T15:55:38.828Z" },
    { url = "https://files.pythonhosted.org/packages/05/bf/0e8fb4c05f70273469eecf82f6ccf37248558526a45321644826555db31b/rpds_py-0.26.0-cp314-cp314t-manylinux_2_17_aarch64.manylinux2014_aarch64.whl", hash = "sha256:801a71f70f9813e82d2513c9a96532551fce1e278ec0c64610992c49c04c2dad", size = 380330, upload_time = "2025-07-01T15:55:40.175Z" },
    { url = "https://files.pythonhosted.org/packages/d4/a8/060d24185d8b24d3923322f8d0ede16df4ade226a74e747b8c7c978e3dd3/rpds_py-0.26.0-cp314-cp314t-manylinux_2_17_armv7l.manylinux2014_armv7l.whl", hash = "sha256:df52098cde6d5e02fa75c1f6244f07971773adb4a26625edd5c18fee906fa84d", size = 392254, upload_time = "2025-07-01T15:55:42.015Z" },
    { url = "https://files.pythonhosted.org/packages/b9/7b/7c2e8a9ee3e6bc0bae26bf29f5219955ca2fbb761dca996a83f5d2f773fe/rpds_py-0.26.0-cp314-cp314t-manylinux_2_17_ppc64le.manylinux2014_ppc64le.whl", hash = "sha256:9bc596b30f86dc6f0929499c9e574601679d0341a0108c25b9b358a042f51bca", size = 516094, upload_time = "2025-07-01T15:55:43.603Z" },
    { url = "https://files.pythonhosted.org/packages/75/d6/f61cafbed8ba1499b9af9f1777a2a199cd888f74a96133d8833ce5eaa9c5/rpds_py-0.26.0-cp314-cp314t-manylinux_2_17_s390x.manylinux2014_s390x.whl", hash = "sha256:9dfbe56b299cf5875b68eb6f0ebaadc9cac520a1989cac0db0765abfb3709c19", size = 402889, upload_time = "2025-07-01T15:55:45.275Z" },
    { url = "https://files.pythonhosted.org/packages/92/19/c8ac0a8a8df2dd30cdec27f69298a5c13e9029500d6d76718130f5e5be10/rpds_py-0.26.0-cp314-cp314t-manylinux_2_17_x86_64.manylinux2014_x86_64.whl", hash = "sha256:ac64f4b2bdb4ea622175c9ab7cf09444e412e22c0e02e906978b3b488af5fde8", size = 384301, upload_time = "2025-07-01T15:55:47.098Z" },
    { url = "https://files.pythonhosted.org/packages/41/e1/6b1859898bc292a9ce5776016c7312b672da00e25cec74d7beced1027286/rpds_py-0.26.0-cp314-cp314t-manylinux_2_5_i686.manylinux1_i686.whl", hash = "sha256:181ef9b6bbf9845a264f9aa45c31836e9f3c1f13be565d0d010e964c661d1e2b", size = 412891, upload_time = "2025-07-01T15:55:48.412Z" },
    { url = "https://files.pythonhosted.org/packages/ef/b9/ceb39af29913c07966a61367b3c08b4f71fad841e32c6b59a129d5974698/rpds_py-0.26.0-cp314-cp314t-musllinux_1_2_aarch64.whl", hash = "sha256:49028aa684c144ea502a8e847d23aed5e4c2ef7cadfa7d5eaafcb40864844b7a", size = 557044, upload_time = "2025-07-01T15:55:49.816Z" },
    { url = "https://files.pythonhosted.org/packages/2f/27/35637b98380731a521f8ec4f3fd94e477964f04f6b2f8f7af8a2d889a4af/rpds_py-0.26.0-cp314-cp314t-musllinux_1_2_i686.whl", hash = "sha256:e5d524d68a474a9688336045bbf76cb0def88549c1b2ad9dbfec1fb7cfbe9170", size = 585774, upload_time = "2025-07-01T15:55:51.192Z" },
    { url = "https://files.pythonhosted.org/packages/52/d9/3f0f105420fecd18551b678c9a6ce60bd23986098b252a56d35781b3e7e9/rpds_py-0.26.0-cp314-cp314t-musllinux_1_2_x86_64.whl", hash = "sha256:c1851f429b822831bd2edcbe0cfd12ee9ea77868f8d3daf267b189371671c80e", size = 554886, upload_time = "2025-07-01T15:55:52.541Z" },
    { url = "https://files.pythonhosted.org/packages/6b/c5/347c056a90dc8dd9bc240a08c527315008e1b5042e7a4cf4ac027be9d38a/rpds_py-0.26.0-cp314-cp314t-win32.whl", hash = "sha256:7bdb17009696214c3b66bb3590c6d62e14ac5935e53e929bcdbc5a495987a84f", size = 219027, upload_time = "2025-07-01T15:55:53.874Z" },
    { url = "https://files.pythonhosted.org/packages/75/04/5302cea1aa26d886d34cadbf2dc77d90d7737e576c0065f357b96dc7a1a6/rpds_py-0.26.0-cp314-cp314t-win_amd64.whl", hash = "sha256:f14440b9573a6f76b4ee4770c13f0b5921f71dde3b6fcb8dabbefd13b7fe05d7", size = 232821, upload_time = "2025-07-01T15:55:55.167Z" },
]

[[package]]
name = "typing-extensions"
version = "4.14.1"
source = { registry = "https://pypi.org/simple" }
sdist = { url = "https://files.pythonhosted.org/packages/98/5a/da40306b885cc8c09109dc2e1abd358d5684b1425678151cdaed4731c822/typing_extensions-4.14.1.tar.gz", hash = "sha256:38b39f4aeeab64884ce9f74c94263ef78f3c22467c8724005483154c26648d36", size = 107673, upload_time = "2025-07-04T13:28:34.16Z" }
wheels = [
    { url = "https://files.pythonhosted.org/packages/b5/00/d631e67a838026495268c2f6884f3711a15a9a2a96cd244fdaea53b823fb/typing_extensions-4.14.1-py3-none-any.whl", hash = "sha256:d1e1e3b58374dc93031d6eda2420a48ea44a36c2b4766a4fdeb3710755731d76", size = 43906, upload_time = "2025-07-04T13:28:32.743Z" },
]

[[package]]
name = "xxhash"
version = "3.5.0"
source = { registry = "https://pypi.org/simple" }
sdist = { url = "https://files.pythonhosted.org/packages/00/5e/d6e5258d69df8b4ed8c83b6664f2b47d30d2dec551a29ad72a6c69eafd31/xxhash-3.5.0.tar.gz", hash = "sha256:84f2caddf951c9cbf8dc2e22a89d4ccf5d86391ac6418fe81e3c67d0cf60b45f", size = 84241, upload_time = "2024-08-17T09:20:38.972Z" }
wheels = [
    { url = "https://files.pythonhosted.org/packages/07/0e/1bfce2502c57d7e2e787600b31c83535af83746885aa1a5f153d8c8059d6/xxhash-3.5.0-cp312-cp312-macosx_10_9_x86_64.whl", hash = "sha256:14470ace8bd3b5d51318782cd94e6f94431974f16cb3b8dc15d52f3b69df8e00", size = 31969, upload_time = "2024-08-17T09:18:24.025Z" },
    { url = "https://files.pythonhosted.org/packages/3f/d6/8ca450d6fe5b71ce521b4e5db69622383d039e2b253e9b2f24f93265b52c/xxhash-3.5.0-cp312-cp312-macosx_11_0_arm64.whl", hash = "sha256:59aa1203de1cb96dbeab595ded0ad0c0056bb2245ae11fac11c0ceea861382b9", size = 30787, upload_time = "2024-08-17T09:18:25.318Z" },
    { url = "https://files.pythonhosted.org/packages/5b/84/de7c89bc6ef63d750159086a6ada6416cc4349eab23f76ab870407178b93/xxhash-3.5.0-cp312-cp312-manylinux_2_17_aarch64.manylinux2014_aarch64.whl", hash = "sha256:08424f6648526076e28fae6ea2806c0a7d504b9ef05ae61d196d571e5c879c84", size = 220959, upload_time = "2024-08-17T09:18:26.518Z" },
    { url = "https://files.pythonhosted.org/packages/fe/86/51258d3e8a8545ff26468c977101964c14d56a8a37f5835bc0082426c672/xxhash-3.5.0-cp312-cp312-manylinux_2_17_ppc64le.manylinux2014_ppc64le.whl", hash = "sha256:61a1ff00674879725b194695e17f23d3248998b843eb5e933007ca743310f793", size = 200006, upload_time = "2024-08-17T09:18:27.905Z" },
    { url = "https://files.pythonhosted.org/packages/02/0a/96973bd325412feccf23cf3680fd2246aebf4b789122f938d5557c54a6b2/xxhash-3.5.0-cp312-cp312-manylinux_2_17_s390x.manylinux2014_s390x.whl", hash = "sha256:f2f2c61bee5844d41c3eb015ac652a0229e901074951ae48581d58bfb2ba01be", size = 428326, upload_time = "2024-08-17T09:18:29.335Z" },
    { url = "https://files.pythonhosted.org/packages/11/a7/81dba5010f7e733de88af9555725146fc133be97ce36533867f4c7e75066/xxhash-3.5.0-cp312-cp312-manylinux_2_17_x86_64.manylinux2014_x86_64.whl", hash = "sha256:9d32a592cac88d18cc09a89172e1c32d7f2a6e516c3dfde1b9adb90ab5df54a6", size = 194380, upload_time = "2024-08-17T09:18:30.706Z" },
    { url = "https://files.pythonhosted.org/packages/fb/7d/f29006ab398a173f4501c0e4977ba288f1c621d878ec217b4ff516810c04/xxhash-3.5.0-cp312-cp312-manylinux_2_5_i686.manylinux1_i686.manylinux_2_17_i686.manylinux2014_i686.whl", hash = "sha256:70dabf941dede727cca579e8c205e61121afc9b28516752fd65724be1355cc90", size = 207934, upload_time = "2024-08-17T09:18:32.133Z" },
    { url = "https://files.pythonhosted.org/packages/8a/6e/6e88b8f24612510e73d4d70d9b0c7dff62a2e78451b9f0d042a5462c8d03/xxhash-3.5.0-cp312-cp312-musllinux_1_2_aarch64.whl", hash = "sha256:e5d0ddaca65ecca9c10dcf01730165fd858533d0be84c75c327487c37a906a27", size = 216301, upload_time = "2024-08-17T09:18:33.474Z" },
    { url = "https://files.pythonhosted.org/packages/af/51/7862f4fa4b75a25c3b4163c8a873f070532fe5f2d3f9b3fc869c8337a398/xxhash-3.5.0-cp312-cp312-musllinux_1_2_i686.whl", hash = "sha256:3e5b5e16c5a480fe5f59f56c30abdeba09ffd75da8d13f6b9b6fd224d0b4d0a2", size = 203351, upload_time = "2024-08-17T09:18:34.889Z" },
    { url = "https://files.pythonhosted.org/packages/22/61/8d6a40f288f791cf79ed5bb113159abf0c81d6efb86e734334f698eb4c59/xxhash-3.5.0-cp312-cp312-musllinux_1_2_ppc64le.whl", hash = "sha256:149b7914451eb154b3dfaa721315117ea1dac2cc55a01bfbd4df7c68c5dd683d", size = 210294, upload_time = "2024-08-17T09:18:36.355Z" },
    { url = "https://files.pythonhosted.org/packages/17/02/215c4698955762d45a8158117190261b2dbefe9ae7e5b906768c09d8bc74/xxhash-3.5.0-cp312-cp312-musllinux_1_2_s390x.whl", hash = "sha256:eade977f5c96c677035ff39c56ac74d851b1cca7d607ab3d8f23c6b859379cab", size = 414674, upload_time = "2024-08-17T09:18:38.536Z" },
    { url = "https://files.pythonhosted.org/packages/31/5c/b7a8db8a3237cff3d535261325d95de509f6a8ae439a5a7a4ffcff478189/xxhash-3.5.0-cp312-cp312-musllinux_1_2_x86_64.whl", hash = "sha256:fa9f547bd98f5553d03160967866a71056a60960be00356a15ecc44efb40ba8e", size = 192022, upload_time = "2024-08-17T09:18:40.138Z" },
    { url = "https://files.pythonhosted.org/packages/78/e3/dd76659b2811b3fd06892a8beb850e1996b63e9235af5a86ea348f053e9e/xxhash-3.5.0-cp312-cp312-win32.whl", hash = "sha256:f7b58d1fd3551b8c80a971199543379be1cee3d0d409e1f6d8b01c1a2eebf1f8", size = 30170, upload_time = "2024-08-17T09:18:42.163Z" },
    { url = "https://files.pythonhosted.org/packages/d9/6b/1c443fe6cfeb4ad1dcf231cdec96eb94fb43d6498b4469ed8b51f8b59a37/xxhash-3.5.0-cp312-cp312-win_amd64.whl", hash = "sha256:fa0cafd3a2af231b4e113fba24a65d7922af91aeb23774a8b78228e6cd785e3e", size = 30040, upload_time = "2024-08-17T09:18:43.699Z" },
    { url = "https://files.pythonhosted.org/packages/0f/eb/04405305f290173acc0350eba6d2f1a794b57925df0398861a20fbafa415/xxhash-3.5.0-cp312-cp312-win_arm64.whl", hash = "sha256:586886c7e89cb9828bcd8a5686b12e161368e0064d040e225e72607b43858ba2", size = 26796, upload_time = "2024-08-17T09:18:45.29Z" },
    { url = "https://files.pythonhosted.org/packages/c9/b8/e4b3ad92d249be5c83fa72916c9091b0965cb0faeff05d9a0a3870ae6bff/xxhash-3.5.0-cp313-cp313-macosx_10_13_x86_64.whl", hash = "sha256:37889a0d13b0b7d739cfc128b1c902f04e32de17b33d74b637ad42f1c55101f6", size = 31795, upload_time = "2024-08-17T09:18:46.813Z" },
    { url = "https://files.pythonhosted.org/packages/fc/d8/b3627a0aebfbfa4c12a41e22af3742cf08c8ea84f5cc3367b5de2d039cce/xxhash-3.5.0-cp313-cp313-macosx_11_0_arm64.whl", hash = "sha256:97a662338797c660178e682f3bc180277b9569a59abfb5925e8620fba00b9fc5", size = 30792, upload_time = "2024-08-17T09:18:47.862Z" },
    { url = "https://files.pythonhosted.org/packages/c3/cc/762312960691da989c7cd0545cb120ba2a4148741c6ba458aa723c00a3f8/xxhash-3.5.0-cp313-cp313-manylinux_2_17_aarch64.manylinux2014_aarch64.whl", hash = "sha256:7f85e0108d51092bdda90672476c7d909c04ada6923c14ff9d913c4f7dc8a3bc", size = 220950, upload_time = "2024-08-17T09:18:49.06Z" },
    { url = "https://files.pythonhosted.org/packages/fe/e9/cc266f1042c3c13750e86a535496b58beb12bf8c50a915c336136f6168dc/xxhash-3.5.0-cp313-cp313-manylinux_2_17_ppc64le.manylinux2014_ppc64le.whl", hash = "sha256:cd2fd827b0ba763ac919440042302315c564fdb797294d86e8cdd4578e3bc7f3", size = 199980, upload_time = "2024-08-17T09:18:50.445Z" },
    { url = "https://files.pythonhosted.org/packages/bf/85/a836cd0dc5cc20376de26b346858d0ac9656f8f730998ca4324921a010b9/xxhash-3.5.0-cp313-cp313-manylinux_2_17_s390x.manylinux2014_s390x.whl", hash = "sha256:82085c2abec437abebf457c1d12fccb30cc8b3774a0814872511f0f0562c768c", size = 428324, upload_time = "2024-08-17T09:18:51.988Z" },
    { url = "https://files.pythonhosted.org/packages/b4/0e/15c243775342ce840b9ba34aceace06a1148fa1630cd8ca269e3223987f5/xxhash-3.5.0-cp313-cp313-manylinux_2_17_x86_64.manylinux2014_x86_64.whl", hash = "sha256:07fda5de378626e502b42b311b049848c2ef38784d0d67b6f30bb5008642f8eb", size = 194370, upload_time = "2024-08-17T09:18:54.164Z" },
    { url = "https://files.pythonhosted.org/packages/87/a1/b028bb02636dfdc190da01951d0703b3d904301ed0ef6094d948983bef0e/xxhash-3.5.0-cp313-cp313-manylinux_2_5_i686.manylinux1_i686.manylinux_2_17_i686.manylinux2014_i686.whl", hash = "sha256:c279f0d2b34ef15f922b77966640ade58b4ccdfef1c4d94b20f2a364617a493f", size = 207911, upload_time = "2024-08-17T09:18:55.509Z" },
    { url = "https://files.pythonhosted.org/packages/80/d5/73c73b03fc0ac73dacf069fdf6036c9abad82de0a47549e9912c955ab449/xxhash-3.5.0-cp313-cp313-musllinux_1_2_aarch64.whl", hash = "sha256:89e66ceed67b213dec5a773e2f7a9e8c58f64daeb38c7859d8815d2c89f39ad7", size = 216352, upload_time = "2024-08-17T09:18:57.073Z" },
    { url = "https://files.pythonhosted.org/packages/b6/2a/5043dba5ddbe35b4fe6ea0a111280ad9c3d4ba477dd0f2d1fe1129bda9d0/xxhash-3.5.0-cp313-cp313-musllinux_1_2_i686.whl", hash = "sha256:bcd51708a633410737111e998ceb3b45d3dbc98c0931f743d9bb0a209033a326", size = 203410, upload_time = "2024-08-17T09:18:58.54Z" },
    { url = "https://files.pythonhosted.org/packages/a2/b2/9a8ded888b7b190aed75b484eb5c853ddd48aa2896e7b59bbfbce442f0a1/xxhash-3.5.0-cp313-cp313-musllinux_1_2_ppc64le.whl", hash = "sha256:3ff2c0a34eae7df88c868be53a8dd56fbdf592109e21d4bfa092a27b0bf4a7bf", size = 210322, upload_time = "2024-08-17T09:18:59.943Z" },
    { url = "https://files.pythonhosted.org/packages/98/62/440083fafbc917bf3e4b67c2ade621920dd905517e85631c10aac955c1d2/xxhash-3.5.0-cp313-cp313-musllinux_1_2_s390x.whl", hash = "sha256:4e28503dccc7d32e0b9817aa0cbfc1f45f563b2c995b7a66c4c8a0d232e840c7", size = 414725, upload_time = "2024-08-17T09:19:01.332Z" },
    { url = "https://files.pythonhosted.org/packages/75/db/009206f7076ad60a517e016bb0058381d96a007ce3f79fa91d3010f49cc2/xxhash-3.5.0-cp313-cp313-musllinux_1_2_x86_64.whl", hash = "sha256:a6c50017518329ed65a9e4829154626f008916d36295b6a3ba336e2458824c8c", size = 192070, upload_time = "2024-08-17T09:19:03.007Z" },
    { url = "https://files.pythonhosted.org/packages/1f/6d/c61e0668943a034abc3a569cdc5aeae37d686d9da7e39cf2ed621d533e36/xxhash-3.5.0-cp313-cp313-win32.whl", hash = "sha256:53a068fe70301ec30d868ece566ac90d873e3bb059cf83c32e76012c889b8637", size = 30172, upload_time = "2024-08-17T09:19:04.355Z" },
    { url = "https://files.pythonhosted.org/packages/96/14/8416dce965f35e3d24722cdf79361ae154fa23e2ab730e5323aa98d7919e/xxhash-3.5.0-cp313-cp313-win_amd64.whl", hash = "sha256:80babcc30e7a1a484eab952d76a4f4673ff601f54d5142c26826502740e70b43", size = 30041, upload_time = "2024-08-17T09:19:05.435Z" },
    { url = "https://files.pythonhosted.org/packages/27/ee/518b72faa2073f5aa8e3262408d284892cb79cf2754ba0c3a5870645ef73/xxhash-3.5.0-cp313-cp313-win_arm64.whl", hash = "sha256:4811336f1ce11cac89dcbd18f3a25c527c16311709a89313c3acaf771def2d4b", size = 26801, upload_time = "2024-08-17T09:19:06.547Z" },
]
